
Microsoft Visual Studio Solution File, Format Version 12.00
# Visual Studio Version 17
VisualStudioVersion = 17.5.002.0
MinimumVisualStudioVersion = 10.0.40219.1
Project("{9A19103F-16F7-4668-BE54-9A1E7A4F7556}") = "BMIräknare", "BMIräknare.csproj", "{CBE09588-DD55-4B55-9ACF-F4ABFB8C0A4A}"
EndProject
Global
	GlobalSection(SolutionConfigurationPlatforms) = preSolution
		Debug|Any CPU = Debug|Any CPU
		Release|Any CPU = Release|Any CPU
	EndGlobalSection
	GlobalSection(ProjectConfigurationPlatforms) = postSolution
		{CBE09588-DD55-4B55-9ACF-F4ABFB8C0A4A}.Debug|Any CPU.ActiveCfg = Debug|Any CPU
		{CBE09588-DD55-4B55-9ACF-F4ABFB8C0A4A}.Debug|Any CPU.Build.0 = Debug|Any CPU
		{CBE09588-DD55-4B55-9ACF-F4ABFB8C0A4A}.Release|Any CPU.ActiveCfg = Release|Any CPU
		{CBE09588-DD55-4B55-9ACF-F4ABFB8C0A4A}.Release|Any CPU.Build.0 = Release|Any CPU
	EndGlobalSection
	GlobalSection(SolutionProperties) = preSolution
		HideSolutionNode = FALSE
	EndGlobalSection
	GlobalSection(ExtensibilityGlobals) = postSolution
		SolutionGuid = {7A59F35F-1B0C-46A2-A94F-86CB8A317D27}
	EndGlobalSection
EndGlobal
