
Microsoft Visual Studio Solution File, Format Version 12.00
# Visual Studio Version 17
VisualStudioVersion = 17.5.002.0
MinimumVisualStudioVersion = 10.0.40219.1
Project("{9A19103F-16F7-4668-BE54-9A1E7A4F7556}") = "CesarKrypto", "CesarKrypto.csproj", "{2A6131D1-2418-4CEA-B36B-7501C9448618}"
EndProject
Global
	GlobalSection(SolutionConfigurationPlatforms) = preSolution
		Debug|Any CPU = Debug|Any CPU
		Release|Any CPU = Release|Any CPU
	EndGlobalSection
	GlobalSection(ProjectConfigurationPlatforms) = postSolution
		{2A6131D1-2418-4CEA-B36B-7501C9448618}.Debug|Any CPU.ActiveCfg = Debug|Any CPU
		{2A6131D1-2418-4CEA-B36B-7501C9448618}.Debug|Any CPU.Build.0 = Debug|Any CPU
		{2A6131D1-2418-4CEA-B36B-7501C9448618}.Release|Any CPU.ActiveCfg = Release|Any CPU
		{2A6131D1-2418-4CEA-B36B-7501C9448618}.Release|Any CPU.Build.0 = Release|Any CPU
	EndGlobalSection
	GlobalSection(SolutionProperties) = preSolution
		HideSolutionNode = FALSE
	EndGlobalSection
	GlobalSection(ExtensibilityGlobals) = postSolution
		SolutionGuid = {26CA117A-F1F0-4288-BA80-CC09B6DF9BEB}
	EndGlobalSection
EndGlobal
