
Microsoft Visual Studio Solution File, Format Version 12.00
# Visual Studio Version 17
VisualStudioVersion = 17.5.002.0
MinimumVisualStudioVersion = 10.0.40219.1
Project("{9A19103F-16F7-4668-BE54-9A1E7A4F7556}") = "HelloWorld", "HelloWorld\HelloWorld.csproj", "{E356BA6C-46E5-4590-8119-360D36A2394D}"
EndProject
Project("{2150E333-8FDC-42A3-9474-1A3956D46DE8}") = "Kapitel-1", "Kapitel-1", "{065FBBFC-22D5-4DA7-901D-BA06CC8A0D6F}"
EndProject
Project("{9A19103F-16F7-4668-BE54-9A1E7A4F7556}") = "Lucktext", "Kapitel-1\Lucktext\Lucktext.csproj", "{D856EEB9-D345-40B9-B7BB-C9F85E70915C}"
EndProject
Project("{9A19103F-16F7-4668-BE54-9A1E7A4F7556}") = "Registrering", "Kapitel-1\Registrering\Registrering.csproj", "{D5049FBD-486A-4FB1-8BBE-E8504E504D0C}"
EndProject
Project("{2150E333-8FDC-42A3-9474-1A3956D46DE8}") = "Kapitel-3", "Kapitel-3", "{70B5074E-02CE-4B2F-B940-A545ABF411D7}"
EndProject
Project("{9A19103F-16F7-4668-BE54-9A1E7A4F7556}") = "EngChart", "Kapitel-3\EngChart\EngChart.csproj", "{0B153B94-CDF3-4F8E-A4B5-AF841A0EAB13}"
EndProject
Project("{9A19103F-16F7-4668-BE54-9A1E7A4F7556}") = "InteractivStory", "Kapitel-3\InteractivStory\InteractivStory.csproj", "{AF2167A4-2F75-4F17-ABE2-BCD6424735D9}"
EndProject
Global
	GlobalSection(SolutionConfigurationPlatforms) = preSolution
		Debug|Any CPU = Debug|Any CPU
		Release|Any CPU = Release|Any CPU
	EndGlobalSection
	GlobalSection(ProjectConfigurationPlatforms) = postSolution
		{E356BA6C-46E5-4590-8119-360D36A2394D}.Debug|Any CPU.ActiveCfg = Debug|Any CPU
		{E356BA6C-46E5-4590-8119-360D36A2394D}.Debug|Any CPU.Build.0 = Debug|Any CPU
		{E356BA6C-46E5-4590-8119-360D36A2394D}.Release|Any CPU.ActiveCfg = Release|Any CPU
		{E356BA6C-46E5-4590-8119-360D36A2394D}.Release|Any CPU.Build.0 = Release|Any CPU
		{D856EEB9-D345-40B9-B7BB-C9F85E70915C}.Debug|Any CPU.ActiveCfg = Debug|Any CPU
		{D856EEB9-D345-40B9-B7BB-C9F85E70915C}.Debug|Any CPU.Build.0 = Debug|Any CPU
		{D856EEB9-D345-40B9-B7BB-C9F85E70915C}.Release|Any CPU.ActiveCfg = Release|Any CPU
		{D856EEB9-D345-40B9-B7BB-C9F85E70915C}.Release|Any CPU.Build.0 = Release|Any CPU
		{D5049FBD-486A-4FB1-8BBE-E8504E504D0C}.Debug|Any CPU.ActiveCfg = Debug|Any CPU
		{D5049FBD-486A-4FB1-8BBE-E8504E504D0C}.Debug|Any CPU.Build.0 = Debug|Any CPU
		{D5049FBD-486A-4FB1-8BBE-E8504E504D0C}.Release|Any CPU.ActiveCfg = Release|Any CPU
		{D5049FBD-486A-4FB1-8BBE-E8504E504D0C}.Release|Any CPU.Build.0 = Release|Any CPU
		{0B153B94-CDF3-4F8E-A4B5-AF841A0EAB13}.Debug|Any CPU.ActiveCfg = Debug|Any CPU
		{0B153B94-CDF3-4F8E-A4B5-AF841A0EAB13}.Debug|Any CPU.Build.0 = Debug|Any CPU
		{0B153B94-CDF3-4F8E-A4B5-AF841A0EAB13}.Release|Any CPU.ActiveCfg = Release|Any CPU
		{0B153B94-CDF3-4F8E-A4B5-AF841A0EAB13}.Release|Any CPU.Build.0 = Release|Any CPU
		{AF2167A4-2F75-4F17-ABE2-BCD6424735D9}.Debug|Any CPU.ActiveCfg = Debug|Any CPU
		{AF2167A4-2F75-4F17-ABE2-BCD6424735D9}.Debug|Any CPU.Build.0 = Debug|Any CPU
		{AF2167A4-2F75-4F17-ABE2-BCD6424735D9}.Release|Any CPU.ActiveCfg = Release|Any CPU
		{AF2167A4-2F75-4F17-ABE2-BCD6424735D9}.Release|Any CPU.Build.0 = Release|Any CPU
	EndGlobalSection
	GlobalSection(SolutionProperties) = preSolution
		HideSolutionNode = FALSE
	EndGlobalSection
	GlobalSection(NestedProjects) = preSolution
		{D856EEB9-D345-40B9-B7BB-C9F85E70915C} = {065FBBFC-22D5-4DA7-901D-BA06CC8A0D6F}
		{D5049FBD-486A-4FB1-8BBE-E8504E504D0C} = {065FBBFC-22D5-4DA7-901D-BA06CC8A0D6F}
		{0B153B94-CDF3-4F8E-A4B5-AF841A0EAB13} = {70B5074E-02CE-4B2F-B940-A545ABF411D7}
		{AF2167A4-2F75-4F17-ABE2-BCD6424735D9} = {70B5074E-02CE-4B2F-B940-A545ABF411D7}
	EndGlobalSection
	GlobalSection(ExtensibilityGlobals) = postSolution
		SolutionGuid = {E646F018-42F6-42A0-A8E0-F74F8DFD455A}
	EndGlobalSection
EndGlobal
