
Microsoft Visual Studio Solution File, Format Version 12.00
# Visual Studio Version 17
VisualStudioVersion = 17.5.002.0
MinimumVisualStudioVersion = 10.0.40219.1
Project("{9A19103F-16F7-4668-BE54-9A1E7A4F7556}") = "GissaTalet2", "GissaTalet2.csproj", "{BC4A3866-2F68-4042-AA95-85C257B1B644}"
EndProject
Global
	GlobalSection(SolutionConfigurationPlatforms) = preSolution
		Debug|Any CPU = Debug|Any CPU
		Release|Any CPU = Release|Any CPU
	EndGlobalSection
	GlobalSection(ProjectConfigurationPlatforms) = postSolution
		{BC4A3866-2F68-4042-AA95-85C257B1B644}.Debug|Any CPU.ActiveCfg = Debug|Any CPU
		{BC4A3866-2F68-4042-AA95-85C257B1B644}.Debug|Any CPU.Build.0 = Debug|Any CPU
		{BC4A3866-2F68-4042-AA95-85C257B1B644}.Release|Any CPU.ActiveCfg = Release|Any CPU
		{BC4A3866-2F68-4042-AA95-85C257B1B644}.Release|Any CPU.Build.0 = Release|Any CPU
	EndGlobalSection
	GlobalSection(SolutionProperties) = preSolution
		HideSolutionNode = FALSE
	EndGlobalSection
	GlobalSection(ExtensibilityGlobals) = postSolution
		SolutionGuid = {15CC8DBA-93D9-43ED-8843-8BFA322B8F7E}
	EndGlobalSection
EndGlobal
